// !$*UTF8*$!
{
	archiveVersion = 1;
	classes = {
	};
	objectVersion = 46;
	objects = {

/* Begin PBXBuildFile section */
		5B950616CDB41B620079EC07 /* Pods_biteableapp.framework in Frameworks */ = {isa = PBXBuildFile; fileRef = EEBCBBDC9CEADEFC05A3B0C9 /* Pods_biteableapp.framework */; };
		8A1A8AC31EDEE6080035E292 /* Settings.swift in Sources */ = {isa = PBXBuildFile; fileRef = 8A1A8AC21EDEE6080035E292 /* Settings.swift */; };
		8A1A8AC91EDF08A80035E292 /* ResultsViewController.swift in Sources */ = {isa = PBXBuildFile; fileRef = 8A1A8AC81EDF08A80035E292 /* ResultsViewController.swift */; };
		8A1A8ACE1EE039EE0035E292 /* Item.swift in Sources */ = {isa = PBXBuildFile; fileRef = 8A1A8ACC1EE039EE0035E292 /* Item.swift */; };
		8A1A8ACF1EE039EE0035E292 /* ItemService.swift in Sources */ = {isa = PBXBuildFile; fileRef = 8A1A8ACD1EE039EE0035E292 /* ItemService.swift */; };
		8A9908341ED8451A000A93EA /* AppDelegate.swift in Sources */ = {isa = PBXBuildFile; fileRef = 8A9908331ED8451A000A93EA /* AppDelegate.swift */; };
		8A9908361ED8451A000A93EA /* ViewController.swift in Sources */ = {isa = PBXBuildFile; fileRef = 8A9908351ED8451A000A93EA /* ViewController.swift */; };
		8A99083B1ED8451A000A93EA /* Assets.xcassets in Resources */ = {isa = PBXBuildFile; fileRef = 8A99083A1ED8451A000A93EA /* Assets.xcassets */; };
		8A99083E1ED8451A000A93EA /* LaunchScreen.storyboard in Resources */ = {isa = PBXBuildFile; fileRef = 8A99083C1ED8451A000A93EA /* LaunchScreen.storyboard */; };
		8A9908491ED8457C000A93EA /* QRScannerController.swift in Sources */ = {isa = PBXBuildFile; fileRef = 8A9908451ED8457C000A93EA /* QRScannerController.swift */; };
		8A99084E1ED84588000A93EA /* Main.storyboard in Resources */ = {isa = PBXBuildFile; fileRef = 8A99084D1ED84588000A93EA /* Main.storyboard */; };
		8AA5097B1F0922D700BDC096 /* searchController.swift in Sources */ = {isa = PBXBuildFile; fileRef = 8AA5097A1F0922D700BDC096 /* searchController.swift */; };
/* End PBXBuildFile section */

/* Begin PBXFileReference section */
		2A0639166B8025F0A2A297AC /* Pods-biteableapp.release.xcconfig */ = {isa = PBXFileReference; includeInIndex = 1; lastKnownFileType = text.xcconfig; name = "Pods-biteableapp.release.xcconfig"; path = "Pods/Target Support Files/Pods-biteableapp/Pods-biteableapp.release.xcconfig"; sourceTree = "<group>"; };
		8A1A8AC21EDEE6080035E292 /* Settings.swift */ = {isa = PBXFileReference; fileEncoding = 4; lastKnownFileType = sourcecode.swift; path = Settings.swift; sourceTree = "<group>"; };
		8A1A8AC81EDF08A80035E292 /* ResultsViewController.swift */ = {isa = PBXFileReference; fileEncoding = 4; lastKnownFileType = sourcecode.swift; path = ResultsViewController.swift; sourceTree = "<group>"; };
		8A1A8ACC1EE039EE0035E292 /* Item.swift */ = {isa = PBXFileReference; fileEncoding = 4; lastKnownFileType = sourcecode.swift; path = Item.swift; sourceTree = "<group>"; };
		8A1A8ACD1EE039EE0035E292 /* ItemService.swift */ = {isa = PBXFileReference; fileEncoding = 4; lastKnownFileType = sourcecode.swift; path = ItemService.swift; sourceTree = "<group>"; };
		8A9908301ED8451A000A93EA /* biteableapp.app */ = {isa = PBXFileReference; explicitFileType = wrapper.application; includeInIndex = 0; path = biteableapp.app; sourceTree = BUILT_PRODUCTS_DIR; };
		8A9908331ED8451A000A93EA /* AppDelegate.swift */ = {isa = PBXFileReference; lastKnownFileType = sourcecode.swift; path = AppDelegate.swift; sourceTree = "<group>"; };
		8A9908351ED8451A000A93EA /* ViewController.swift */ = {isa = PBXFileReference; lastKnownFileType = sourcecode.swift; path = ViewController.swift; sourceTree = "<group>"; };
		8A99083A1ED8451A000A93EA /* Assets.xcassets */ = {isa = PBXFileReference; lastKnownFileType = folder.assetcatalog; path = Assets.xcassets; sourceTree = "<group>"; };
		8A99083D1ED8451A000A93EA /* Base */ = {isa = PBXFileReference; lastKnownFileType = file.storyboard; name = Base; path = Base.lproj/LaunchScreen.storyboard; sourceTree = "<group>"; };
		8A99083F1ED8451A000A93EA /* Info.plist */ = {isa = PBXFileReference; lastKnownFileType = text.plist.xml; path = Info.plist; sourceTree = "<group>"; };
		8A9908451ED8457C000A93EA /* QRScannerController.swift */ = {isa = PBXFileReference; fileEncoding = 4; lastKnownFileType = sourcecode.swift; path = QRScannerController.swift; sourceTree = "<group>"; };
		8A99084D1ED84588000A93EA /* Main.storyboard */ = {isa = PBXFileReference; fileEncoding = 4; lastKnownFileType = file.storyboard; path = Main.storyboard; sourceTree = "<group>"; };
		8AA5097A1F0922D700BDC096 /* searchController.swift */ = {isa = PBXFileReference; fileEncoding = 4; lastKnownFileType = sourcecode.swift; path = searchController.swift; sourceTree = "<group>"; };
		96C22586F13B61BA680272C3 /* Pods-biteableapp.debug.xcconfig */ = {isa = PBXFileReference; includeInIndex = 1; lastKnownFileType = text.xcconfig; name = "Pods-biteableapp.debug.xcconfig"; path = "Pods/Target Support Files/Pods-biteableapp/Pods-biteableapp.debug.xcconfig"; sourceTree = "<group>"; };
		EEBCBBDC9CEADEFC05A3B0C9 /* Pods_biteableapp.framework */ = {isa = PBXFileReference; explicitFileType = wrapper.framework; includeInIndex = 0; path = Pods_biteableapp.framework; sourceTree = BUILT_PRODUCTS_DIR; };
/* End PBXFileReference section */

/* Begin PBXFrameworksBuildPhase section */
		8A99082D1ED8451A000A93EA /* Frameworks */ = {
			isa = PBXFrameworksBuildPhase;
			buildActionMask = 2147483647;
			files = (
				5B950616CDB41B620079EC07 /* Pods_biteableapp.framework in Frameworks */,
			);
			runOnlyForDeploymentPostprocessing = 0;
		};
/* End PBXFrameworksBuildPhase section */

/* Begin PBXGroup section */
		22C3C7BB90B6366447A4B222 /* Pods */ = {
			isa = PBXGroup;
			children = (
				96C22586F13B61BA680272C3 /* Pods-biteableapp.debug.xcconfig */,
				2A0639166B8025F0A2A297AC /* Pods-biteableapp.release.xcconfig */,
			);
			name = Pods;
			sourceTree = "<group>";
		};
		292C20E66A101EEEF80AA45A /* Frameworks */ = {
			isa = PBXGroup;
			children = (
				EEBCBBDC9CEADEFC05A3B0C9 /* Pods_biteableapp.framework */,
			);
			name = Frameworks;
			sourceTree = "<group>";
		};
		8A9908271ED8451A000A93EA = {
			isa = PBXGroup;
			children = (
				8A9908321ED8451A000A93EA /* biteableapp */,
				8A9908311ED8451A000A93EA /* Products */,
				22C3C7BB90B6366447A4B222 /* Pods */,
				292C20E66A101EEEF80AA45A /* Frameworks */,
			);
			sourceTree = "<group>";
		};
		8A9908311ED8451A000A93EA /* Products */ = {
			isa = PBXGroup;
			children = (
				8A9908301ED8451A000A93EA /* biteableapp.app */,
			);
			name = Products;
			sourceTree = "<group>";
		};
		8A9908321ED8451A000A93EA /* biteableapp */ = {
			isa = PBXGroup;
			children = (
				8A9908331ED8451A000A93EA /* AppDelegate.swift */,
				8A99084D1ED84588000A93EA /* Main.storyboard */,
				8A99083A1ED8451A000A93EA /* Assets.xcassets */,
				8A9908351ED8451A000A93EA /* ViewController.swift */,
				8AA5097A1F0922D700BDC096 /* searchController.swift */,
				8A1A8AC81EDF08A80035E292 /* ResultsViewController.swift */,
				8A1A8ACC1EE039EE0035E292 /* Item.swift */,
				8A1A8ACD1EE039EE0035E292 /* ItemService.swift */,
				8A9908451ED8457C000A93EA /* QRScannerController.swift */,
				8A1A8AC21EDEE6080035E292 /* Settings.swift */,
				8A99083C1ED8451A000A93EA /* LaunchScreen.storyboard */,
				8A99083F1ED8451A000A93EA /* Info.plist */,
			);
			path = biteableapp;
			sourceTree = "<group>";
		};
/* End PBXGroup section */

/* Begin PBXNativeTarget section */
		8A99082F1ED8451A000A93EA /* biteableapp */ = {
			isa = PBXNativeTarget;
			buildConfigurationList = 8A9908421ED8451A000A93EA /* Build configuration list for PBXNativeTarget "biteableapp" */;
			buildPhases = (
				E401A3556F4EC89931FB4CE2 /* [CP] Check Pods Manifest.lock */,
				8A99082C1ED8451A000A93EA /* Sources */,
				8A99082D1ED8451A000A93EA /* Frameworks */,
				8A99082E1ED8451A000A93EA /* Resources */,
				1C4375D2DEEAAA04A460857D /* [CP] Embed Pods Frameworks */,
				F66272835C29F26E9FA770D9 /* [CP] Copy Pods Resources */,
			);
			buildRules = (
			);
			dependencies = (
			);
			name = biteableapp;
			productName = biteableapp;
			productReference = 8A9908301ED8451A000A93EA /* biteableapp.app */;
			productType = "com.apple.product-type.application";
		};
/* End PBXNativeTarget section */

/* Begin PBXProject section */
		8A9908281ED8451A000A93EA /* Project object */ = {
			isa = PBXProject;
			attributes = {
				LastSwiftUpdateCheck = 0820;
				LastUpgradeCheck = 0820;
				ORGANIZATIONNAME = "Tina Sabine";
				TargetAttributes = {
					8A99082F1ED8451A000A93EA = {
						CreatedOnToolsVersion = 8.2.1;
						DevelopmentTeam = PB5S47GH58;
						ProvisioningStyle = Automatic;
					};
				};
			};
			buildConfigurationList = 8A99082B1ED8451A000A93EA /* Build configuration list for PBXProject "biteableapp" */;
			compatibilityVersion = "Xcode 3.2";
			developmentRegion = English;
			hasScannedForEncodings = 0;
			knownRegions = (
				en,
				Base,
			);
			mainGroup = 8A9908271ED8451A000A93EA;
			productRefGroup = 8A9908311ED8451A000A93EA /* Products */;
			projectDirPath = "";
			projectRoot = "";
			targets = (
				8A99082F1ED8451A000A93EA /* biteableapp */,
			);
		};
/* End PBXProject section */

/* Begin PBXResourcesBuildPhase section */
		8A99082E1ED8451A000A93EA /* Resources */ = {
			isa = PBXResourcesBuildPhase;
			buildActionMask = 2147483647;
			files = (
				8A99083E1ED8451A000A93EA /* LaunchScreen.storyboard in Resources */,
				8A99083B1ED8451A000A93EA /* Assets.xcassets in Resources */,
				8A99084E1ED84588000A93EA /* Main.storyboard in Resources */,
			);
			runOnlyForDeploymentPostprocessing = 0;
		};
/* End PBXResourcesBuildPhase section */

/* Begin PBXShellScriptBuildPhase section */
		1C4375D2DEEAAA04A460857D /* [CP] Embed Pods Frameworks */ = {
			isa = PBXShellScriptBuildPhase;
			buildActionMask = 2147483647;
			files = (
			);
			inputPaths = (
			);
			name = "[CP] Embed Pods Frameworks";
			outputPaths = (
			);
			runOnlyForDeploymentPostprocessing = 0;
			shellPath = /bin/sh;
			shellScript = "\"${SRCROOT}/Pods/Target Support Files/Pods-biteableapp/Pods-biteableapp-frameworks.sh\"\n";
			showEnvVarsInLog = 0;
		};
		E401A3556F4EC89931FB4CE2 /* [CP] Check Pods Manifest.lock */ = {
			isa = PBXShellScriptBuildPhase;
			buildActionMask = 2147483647;
			files = (
			);
			inputPaths = (
			);
			name = "[CP] Check Pods Manifest.lock";
			outputPaths = (
			);
			runOnlyForDeploymentPostprocessing = 0;
			shellPath = /bin/sh;
			shellScript = "diff \"${PODS_PODFILE_DIR_PATH}/Podfile.lock\" \"${PODS_ROOT}/Manifest.lock\" > /dev/null\nif [ $? != 0 ] ; then\n    # print error to STDERR\n    echo \"error: The sandbox is not in sync with the Podfile.lock. Run 'pod install' or update your CocoaPods installation.\" >&2\n    exit 1\nfi\n";
			showEnvVarsInLog = 0;
		};
		F66272835C29F26E9FA770D9 /* [CP] Copy Pods Resources */ = {
			isa = PBXShellScriptBuildPhase;
			buildActionMask = 2147483647;
			files = (
			);
			inputPaths = (
			);
			name = "[CP] Copy Pods Resources";
			outputPaths = (
			);
			runOnlyForDeploymentPostprocessing = 0;
			shellPath = /bin/sh;
			shellScript = "\"${SRCROOT}/Pods/Target Support Files/Pods-biteableapp/Pods-biteableapp-resources.sh\"\n";
			showEnvVarsInLog = 0;
		};
/* End PBXShellScriptBuildPhase section */

/* Begin PBXSourcesBuildPhase section */
		8A99082C1ED8451A000A93EA /* Sources */ = {
			isa = PBXSourcesBuildPhase;
			buildActionMask = 2147483647;
			files = (
				8A9908361ED8451A000A93EA /* ViewController.swift in Sources */,
				8A9908341ED8451A000A93EA /* AppDelegate.swift in Sources */,
				8A9908491ED8457C000A93EA /* QRScannerController.swift in Sources */,
				8AA5097B1F0922D700BDC096 /* searchController.swift in Sources */,
				8A1A8AC91EDF08A80035E292 /* ResultsViewController.swift in Sources */,
				8A1A8ACF1EE039EE0035E292 /* ItemService.swift in Sources */,
				8A1A8ACE1EE039EE0035E292 /* Item.swift in Sources */,
				8A1A8AC31EDEE6080035E292 /* Settings.swift in Sources */,
			);
			runOnlyForDeploymentPostprocessing = 0;
		};
/* End PBXSourcesBuildPhase section */

/* Begin PBXVariantGroup section */
		8A99083C1ED8451A000A93EA /* LaunchScreen.storyboard */ = {
			isa = PBXVariantGroup;
			children = (
				8A99083D1ED8451A000A93EA /* Base */,
			);
			name = LaunchScreen.storyboard;
			sourceTree = "<group>";
		};
/* End PBXVariantGroup section */

/* Begin XCBuildConfiguration section */
		8A9908401ED8451A000A93EA /* Debug */ = {
			isa = XCBuildConfiguration;
			buildSettings = {
				ALWAYS_SEARCH_USER_PATHS = NO;
				CLANG_ANALYZER_NONNULL = YES;
				CLANG_CXX_LANGUAGE_STANDARD = "gnu++0x";
				CLANG_CXX_LIBRARY = "libc++";
				CLANG_ENABLE_MODULES = YES;
				CLANG_ENABLE_OBJC_ARC = YES;
				CLANG_WARN_BOOL_CONVERSION = YES;
				CLANG_WARN_CONSTANT_CONVERSION = YES;
				CLANG_WARN_DIRECT_OBJC_ISA_USAGE = YES_ERROR;
				CLANG_WARN_DOCUMENTATION_COMMENTS = YES;
				CLANG_WARN_EMPTY_BODY = YES;
				CLANG_WARN_ENUM_CONVERSION = YES;
				CLANG_WARN_INFINITE_RECURSION = YES;
				CLANG_WARN_INT_CONVERSION = YES;
				CLANG_WARN_OBJC_ROOT_CLASS = YES_ERROR;
				CLANG_WARN_SUSPICIOUS_MOVE = YES;
				CLANG_WARN_UNREACHABLE_CODE = YES;
				CLANG_WARN__DUPLICATE_METHOD_MATCH = YES;
				"CODE_SIGN_IDENTITY[sdk=iphoneos*]" = "iPhone Developer";
				COPY_PHASE_STRIP = NO;
				DEBUG_INFORMATION_FORMAT = dwarf;
				ENABLE_STRICT_OBJC_MSGSEND = YES;
				ENABLE_TESTABILITY = YES;
				GCC_C_LANGUAGE_STANDARD = gnu99;
				GCC_DYNAMIC_NO_PIC = NO;
				GCC_NO_COMMON_BLOCKS = YES;
				GCC_OPTIMIZATION_LEVEL = 0;
				GCC_PREPROCESSOR_DEFINITIONS = (
					"DEBUG=1",
					"$(inherited)",
				);
				GCC_WARN_64_TO_32_BIT_CONVERSION = YES;
				GCC_WARN_ABOUT_RETURN_TYPE = YES_ERROR;
				GCC_WARN_UNDECLARED_SELECTOR = YES;
				GCC_WARN_UNINITIALIZED_AUTOS = YES_AGGRESSIVE;
				GCC_WARN_UNUSED_FUNCTION = YES;
				GCC_WARN_UNUSED_VARIABLE = YES;
				IPHONEOS_DEPLOYMENT_TARGET = 10.2;
				MTL_ENABLE_DEBUG_INFO = YES;
				ONLY_ACTIVE_ARCH = YES;
				SDKROOT = iphoneos;
				SWIFT_ACTIVE_COMPILATION_CONDITIONS = DEBUG;
				SWIFT_OPTIMIZATION_LEVEL = "-Onone";
			};
			name = Debug;
		};
		8A9908411ED8451A000A93EA /* Release */ = {
			isa = XCBuildConfiguration;
			buildSettings = {
				ALWAYS_SEARCH_USER_PATHS = NO;
				CLANG_ANALYZER_NONNULL = YES;
				CLANG_CXX_LANGUAGE_STANDARD = "gnu++0x";
				CLANG_CXX_LIBRARY = "libc++";
				CLANG_ENABLE_MODULES = YES;
				CLANG_ENABLE_OBJC_ARC = YES;
				CLANG_WARN_BOOL_CONVERSION = YES;
				CLANG_WARN_CONSTANT_CONVERSION = YES;
				CLANG_WARN_DIRECT_OBJC_ISA_USAGE = YES_ERROR;
				CLANG_WARN_DOCUMENTATION_COMMENTS = YES;
				CLANG_WARN_EMPTY_BODY = YES;
				CLANG_WARN_ENUM_CONVERSION = YES;
				CLANG_WARN_INFINITE_RECURSION = YES;
				CLANG_WARN_INT_CONVERSION = YES;
				CLANG_WARN_OBJC_ROOT_CLASS = YES_ERROR;
				CLANG_WARN_SUSPICIOUS_MOVE = YES;
				CLANG_WARN_UNREACHABLE_CODE = YES;
				CLANG_WARN__DUPLICATE_METHOD_MATCH = YES;
				"CODE_SIGN_IDENTITY[sdk=iphoneos*]" = "iPhone Developer";
				COPY_PHASE_STRIP = NO;
				DEBUG_INFORMATION_FORMAT = "dwarf-with-dsym";
				ENABLE_NS_ASSERTIONS = NO;
				ENABLE_STRICT_OBJC_MSGSEND = YES;
				GCC_C_LANGUAGE_STANDARD = gnu99;
				GCC_NO_COMMON_BLOCKS = YES;
				GCC_WARN_64_TO_32_BIT_CONVERSION = YES;
				GCC_WARN_ABOUT_RETURN_TYPE = YES_ERROR;
				GCC_WARN_UNDECLARED_SELECTOR = YES;
				GCC_WARN_UNINITIALIZED_AUTOS = YES_AGGRESSIVE;
				GCC_WARN_UNUSED_FUNCTION = YES;
				GCC_WARN_UNUSED_VARIABLE = YES;
				IPHONEOS_DEPLOYMENT_TARGET = 10.2;
				MTL_ENABLE_DEBUG_INFO = NO;
				SDKROOT = iphoneos;
				SWIFT_OPTIMIZATION_LEVEL = "-Owholemodule";
				VALIDATE_PRODUCT = YES;
			};
			name = Release;
		};
		8A9908431ED8451A000A93EA /* Debug */ = {
			isa = XCBuildConfiguration;
			baseConfigurationReference = 96C22586F13B61BA680272C3 /* Pods-biteableapp.debug.xcconfig */;
			buildSettings = {
				ASSETCATALOG_COMPILER_APPICON_NAME = AppIcon;
				DEVELOPMENT_TEAM = PB5S47GH58;
				INFOPLIST_FILE = biteableapp/Info.plist;
				LD_RUNPATH_SEARCH_PATHS = "$(inherited) @executable_path/Frameworks";
				PRODUCT_BUNDLE_IDENTIFIER = tinasabine.biteableapp;
				PRODUCT_NAME = "$(TARGET_NAME)";
				SWIFT_VERSION = 3.0;
			};
			name = Debug;
		};
		8A9908441ED8451A000A93EA /* Release */ = {
			isa = XCBuildConfiguration;
			baseConfigurationReference = 2A0639166B8025F0A2A297AC /* Pods-biteableapp.release.xcconfig */;
			buildSettings = {
				ASSETCATALOG_COMPILER_APPICON_NAME = AppIcon;
				DEVELOPMENT_TEAM = PB5S47GH58;
				INFOPLIST_FILE = biteableapp/Info.plist;
				LD_RUNPATH_SEARCH_PATHS = "$(inherited) @executable_path/Frameworks";
				PRODUCT_BUNDLE_IDENTIFIER = tinasabine.biteableapp;
				PRODUCT_NAME = "$(TARGET_NAME)";
				SWIFT_VERSION = 3.0;
			};
			name = Release;
		};
/* End XCBuildConfiguration section */

/* Begin XCConfigurationList section */
		8A99082B1ED8451A000A93EA /* Build configuration list for PBXProject "biteableapp" */ = {
			isa = XCConfigurationList;
			buildConfigurations = (
				8A9908401ED8451A000A93EA /* Debug */,
				8A9908411ED8451A000A93EA /* Release */,
			);
			defaultConfigurationIsVisible = 0;
			defaultConfigurationName = Release;
		};
		8A9908421ED8451A000A93EA /* Build configuration list for PBXNativeTarget "biteableapp" */ = {
			isa = XCConfigurationList;
			buildConfigurations = (
				8A9908431ED8451A000A93EA /* Debug */,
				8A9908441ED8451A000A93EA /* Release */,
			);
			defaultConfigurationIsVisible = 0;
			defaultConfigurationName = Release;
		};
/* End XCConfigurationList section */
	};
	rootObject = 8A9908281ED8451A000A93EA /* Project object */;
}
